
Microsoft Visual Studio Solution File, Format Version 12.00
# Visual Studio Version 16
VisualStudioVersion = 16.0.30907.101
MinimumVisualStudioVersion = 10.0.40219.1
Project("{9A19103F-16F7-4668-BE54-9A1E7A4F7556}") = "DataAccess", "DataAccess\DataAccess.csproj", "{1E6542A6-BC01-4950-AB7C-6A288615B035}"
EndProject
Project("{9A19103F-16F7-4668-BE54-9A1E7A4F7556}") = "Business", "Business\Business.csproj", "{E528C067-1102-413D-8DDD-3BB12CB27BD5}"
EndProject
Project("{9A19103F-16F7-4668-BE54-9A1E7A4F7556}") = "Entities", "Entities\Entities.csproj", "{81A6B5F7-0ECD-4058-833A-39D308D9EAFD}"
EndProject
Project("{9A19103F-16F7-4668-BE54-9A1E7A4F7556}") = "ConsoleUI", "ConsoleUI\ConsoleUI.csproj", "{8B1702CD-5153-4501-A2E4-D94811A2EC48}"
EndProject
Project("{9A19103F-16F7-4668-BE54-9A1E7A4F7556}") = "Core", "Core\Core.csproj", "{952E4AA7-789D-435F-8BE1-932B7E87677A}"
EndProject
Project("{FAE04EC0-301F-11D3-BF4B-00C04F79EFBC}") = "WebAPI", "WebAPI\WebAPI.csproj", "{7355D983-CCE1-443D-826C-D5C2AA422F2B}"
EndProject
Global
	GlobalSection(SolutionConfigurationPlatforms) = preSolution
		Debug|Any CPU = Debug|Any CPU
		Release|Any CPU = Release|Any CPU
	EndGlobalSection
	GlobalSection(ProjectConfigurationPlatforms) = postSolution
		{1E6542A6-BC01-4950-AB7C-6A288615B035}.Debug|Any CPU.ActiveCfg = Debug|Any CPU
		{1E6542A6-BC01-4950-AB7C-6A288615B035}.Debug|Any CPU.Build.0 = Debug|Any CPU
		{1E6542A6-BC01-4950-AB7C-6A288615B035}.Release|Any CPU.ActiveCfg = Release|Any CPU
		{1E6542A6-BC01-4950-AB7C-6A288615B035}.Release|Any CPU.Build.0 = Release|Any CPU
		{E528C067-1102-413D-8DDD-3BB12CB27BD5}.Debug|Any CPU.ActiveCfg = Debug|Any CPU
		{E528C067-1102-413D-8DDD-3BB12CB27BD5}.Debug|Any CPU.Build.0 = Debug|Any CPU
		{E528C067-1102-413D-8DDD-3BB12CB27BD5}.Release|Any CPU.ActiveCfg = Release|Any CPU
		{E528C067-1102-413D-8DDD-3BB12CB27BD5}.Release|Any CPU.Build.0 = Release|Any CPU
		{81A6B5F7-0ECD-4058-833A-39D308D9EAFD}.Debug|Any CPU.ActiveCfg = Debug|Any CPU
		{81A6B5F7-0ECD-4058-833A-39D308D9EAFD}.Debug|Any CPU.Build.0 = Debug|Any CPU
		{81A6B5F7-0ECD-4058-833A-39D308D9EAFD}.Release|Any CPU.ActiveCfg = Release|Any CPU
		{81A6B5F7-0ECD-4058-833A-39D308D9EAFD}.Release|Any CPU.Build.0 = Release|Any CPU
		{8B1702CD-5153-4501-A2E4-D94811A2EC48}.Debug|Any CPU.ActiveCfg = Debug|Any CPU
		{8B1702CD-5153-4501-A2E4-D94811A2EC48}.Debug|Any CPU.Build.0 = Debug|Any CPU
		{8B1702CD-5153-4501-A2E4-D94811A2EC48}.Release|Any CPU.ActiveCfg = Release|Any CPU
		{8B1702CD-5153-4501-A2E4-D94811A2EC48}.Release|Any CPU.Build.0 = Release|Any CPU
		{952E4AA7-789D-435F-8BE1-932B7E87677A}.Debug|Any CPU.ActiveCfg = Debug|Any CPU
		{952E4AA7-789D-435F-8BE1-932B7E87677A}.Debug|Any CPU.Build.0 = Debug|Any CPU
		{952E4AA7-789D-435F-8BE1-932B7E87677A}.Release|Any CPU.ActiveCfg = Release|Any CPU
		{952E4AA7-789D-435F-8BE1-932B7E87677A}.Release|Any CPU.Build.0 = Release|Any CPU
		{7355D983-CCE1-443D-826C-D5C2AA422F2B}.Debug|Any CPU.ActiveCfg = Debug|Any CPU
		{7355D983-CCE1-443D-826C-D5C2AA422F2B}.Debug|Any CPU.Build.0 = Debug|Any CPU
		{7355D983-CCE1-443D-826C-D5C2AA422F2B}.Release|Any CPU.ActiveCfg = Release|Any CPU
		{7355D983-CCE1-443D-826C-D5C2AA422F2B}.Release|Any CPU.Build.0 = Release|Any CPU
	EndGlobalSection
	GlobalSection(SolutionProperties) = preSolution
		HideSolutionNode = FALSE
	EndGlobalSection
	GlobalSection(ExtensibilityGlobals) = postSolution
		SolutionGuid = {4BDB7F65-9672-4BAC-8160-9E9040CBCE38}
	EndGlobalSection
EndGlobal
